
Microsoft Visual Studio Solution File, Format Version 12.00
# Visual Studio 14
VisualStudioVersion = 14.0.25420.1
MinimumVisualStudioVersion = 10.0.40219.1
Project("{FAE04EC0-301F-11D3-BF4B-00C04F79EFBC}") = "MvcSalesApp.Web", "MvcSalesApp.Web\MvcSalesApp.Web.csproj", "{EE2110C3-08C1-4516-B312-9E072146B116}"
EndProject
Project("{FAE04EC0-301F-11D3-BF4B-00C04F79EFBC}") = "MvcSalesApp.Domain", "MvcSalesApp.Domain\MvcSalesApp.Domain.csproj", "{2BE265B9-4BA4-4903-991A-6657C911C0AB}"
EndProject
Project("{FAE04EC0-301F-11D3-BF4B-00C04F79EFBC}") = "MvcSalesApp.Data", "MvcSalesApp.Data\MvcSalesApp.Data.csproj", "{A0EC166A-E9F6-48A0-8433-8296E6A36CB9}"
EndProject
Project("{FAE04EC0-301F-11D3-BF4B-00C04F79EFBC}") = "ReusableGenericRepository", "ReusableGenericRepository\ReusableGenericRepository.csproj", "{03F95775-464F-4249-A40A-86C2F32B0D53}"
EndProject
Project("{FAE04EC0-301F-11D3-BF4B-00C04F79EFBC}") = "SharedKernel", "SharedKernel\SharedKernel.csproj", "{CA8E9C26-5432-41A6-8AAE-0053869A3417}"
EndProject
Project("{FAE04EC0-301F-11D3-BF4B-00C04F79EFBC}") = "SharedKernel.Data", "SharedKernel.Data\SharedKernel.Data.csproj", "{C6C9D6E4-6915-4FFD-817D-290F54271236}"
EndProject
Project("{FAE04EC0-301F-11D3-BF4B-00C04F79EFBC}") = "MvcSalesApp.Test", "MvcSalesApp.Test\MvcSalesApp.Test.csproj", "{486549F8-2397-49D6-A118-16BA6081813C}"
EndProject
Global
	GlobalSection(SolutionConfigurationPlatforms) = preSolution
		Debug|Any CPU = Debug|Any CPU
		Release|Any CPU = Release|Any CPU
	EndGlobalSection
	GlobalSection(ProjectConfigurationPlatforms) = postSolution
		{EE2110C3-08C1-4516-B312-9E072146B116}.Debug|Any CPU.ActiveCfg = Debug|Any CPU
		{EE2110C3-08C1-4516-B312-9E072146B116}.Debug|Any CPU.Build.0 = Debug|Any CPU
		{EE2110C3-08C1-4516-B312-9E072146B116}.Release|Any CPU.ActiveCfg = Release|Any CPU
		{EE2110C3-08C1-4516-B312-9E072146B116}.Release|Any CPU.Build.0 = Release|Any CPU
		{2BE265B9-4BA4-4903-991A-6657C911C0AB}.Debug|Any CPU.ActiveCfg = Debug|Any CPU
		{2BE265B9-4BA4-4903-991A-6657C911C0AB}.Debug|Any CPU.Build.0 = Debug|Any CPU
		{2BE265B9-4BA4-4903-991A-6657C911C0AB}.Release|Any CPU.ActiveCfg = Release|Any CPU
		{2BE265B9-4BA4-4903-991A-6657C911C0AB}.Release|Any CPU.Build.0 = Release|Any CPU
		{A0EC166A-E9F6-48A0-8433-8296E6A36CB9}.Debug|Any CPU.ActiveCfg = Debug|Any CPU
		{A0EC166A-E9F6-48A0-8433-8296E6A36CB9}.Debug|Any CPU.Build.0 = Debug|Any CPU
		{A0EC166A-E9F6-48A0-8433-8296E6A36CB9}.Release|Any CPU.ActiveCfg = Release|Any CPU
		{A0EC166A-E9F6-48A0-8433-8296E6A36CB9}.Release|Any CPU.Build.0 = Release|Any CPU
		{03F95775-464F-4249-A40A-86C2F32B0D53}.Debug|Any CPU.ActiveCfg = Debug|Any CPU
		{03F95775-464F-4249-A40A-86C2F32B0D53}.Debug|Any CPU.Build.0 = Debug|Any CPU
		{03F95775-464F-4249-A40A-86C2F32B0D53}.Release|Any CPU.ActiveCfg = Release|Any CPU
		{03F95775-464F-4249-A40A-86C2F32B0D53}.Release|Any CPU.Build.0 = Release|Any CPU
		{CA8E9C26-5432-41A6-8AAE-0053869A3417}.Debug|Any CPU.ActiveCfg = Debug|Any CPU
		{CA8E9C26-5432-41A6-8AAE-0053869A3417}.Debug|Any CPU.Build.0 = Debug|Any CPU
		{CA8E9C26-5432-41A6-8AAE-0053869A3417}.Release|Any CPU.ActiveCfg = Release|Any CPU
		{CA8E9C26-5432-41A6-8AAE-0053869A3417}.Release|Any CPU.Build.0 = Release|Any CPU
		{C6C9D6E4-6915-4FFD-817D-290F54271236}.Debug|Any CPU.ActiveCfg = Debug|Any CPU
		{C6C9D6E4-6915-4FFD-817D-290F54271236}.Debug|Any CPU.Build.0 = Debug|Any CPU
		{C6C9D6E4-6915-4FFD-817D-290F54271236}.Release|Any CPU.ActiveCfg = Release|Any CPU
		{C6C9D6E4-6915-4FFD-817D-290F54271236}.Release|Any CPU.Build.0 = Release|Any CPU
		{486549F8-2397-49D6-A118-16BA6081813C}.Debug|Any CPU.ActiveCfg = Debug|Any CPU
		{486549F8-2397-49D6-A118-16BA6081813C}.Debug|Any CPU.Build.0 = Debug|Any CPU
		{486549F8-2397-49D6-A118-16BA6081813C}.Release|Any CPU.ActiveCfg = Release|Any CPU
		{486549F8-2397-49D6-A118-16BA6081813C}.Release|Any CPU.Build.0 = Release|Any CPU
	EndGlobalSection
	GlobalSection(SolutionProperties) = preSolution
		HideSolutionNode = FALSE
	EndGlobalSection
EndGlobal
